
Microsoft Visual Studio Solution File, Format Version 12.00
# Visual Studio Version 17
VisualStudioVersion = 17.2.32630.192
MinimumVisualStudioVersion = 10.0.40219.1
Project("{9A19103F-16F7-4668-BE54-9A1E7A4F7556}") = "R5T.O0021", "R5T.O0021\R5T.O0021.csproj", "{EFC6AC48-1FF0-4FF8-B584-0CBB2E10149C}"
EndProject
Project("{2150E333-8FDC-42A3-9474-1A3956D46DE8}") = "_Dependencies", "_Dependencies", "{80CB85D7-09B5-48D7-883D-70C547D4FAEB}"
EndProject
Project("{9A19103F-16F7-4668-BE54-9A1E7A4F7556}") = "R5T.F0000", "..\..\R5T.F0000\source\R5T.F0000\R5T.F0000.csproj", "{94C3E8FC-13C2-44AB-9A36-CF5373C88EE9}"
EndProject
Project("{9A19103F-16F7-4668-BE54-9A1E7A4F7556}") = "R5T.F0002", "..\..\R5T.F0002\source\R5T.F0002\R5T.F0002.csproj", "{CB2ED9C8-AA6D-4A2F-A3C7-B02D7EC7FC30}"
EndProject
Project("{9A19103F-16F7-4668-BE54-9A1E7A4F7556}") = "R5T.F0120", "..\..\R5T.F0120\source\R5T.F0120\R5T.F0120.csproj", "{546180B9-BBD8-4527-8F9F-AF46D9C86491}"
EndProject
Project("{9A19103F-16F7-4668-BE54-9A1E7A4F7556}") = "R5T.F0124", "..\..\R5T.F0124\source\R5T.F0124\R5T.F0124.csproj", "{3499C909-F94A-49B9-A111-DFA400BB2984}"
EndProject
Project("{9A19103F-16F7-4668-BE54-9A1E7A4F7556}") = "R5T.F0125", "..\..\R5T.F0125\source\R5T.F0125\R5T.F0125.csproj", "{A2FD2BE6-41CF-4668-90BD-A08026ED3F06}"
EndProject
Project("{9A19103F-16F7-4668-BE54-9A1E7A4F7556}") = "R5T.F0136", "..\..\R5T.F0136\source\R5T.F0136\R5T.F0136.csproj", "{2842082B-86DD-4426-9277-4BD4491B1E7E}"
EndProject
Project("{9A19103F-16F7-4668-BE54-9A1E7A4F7556}") = "R5T.L0030.T000", "..\..\R5T.L0030\source\R5T.L0030.T000\R5T.L0030.T000.csproj", "{87AC863B-CD42-4D0C-AE2D-ADCBC6A61A82}"
EndProject
Project("{9A19103F-16F7-4668-BE54-9A1E7A4F7556}") = "R5T.L0030", "..\..\R5T.L0030\source\R5T.L0030\R5T.L0030.csproj", "{788C240E-DEE7-4F6C-AA17-DFC447F36283}"
EndProject
Project("{9A19103F-16F7-4668-BE54-9A1E7A4F7556}") = "R5T.L0034", "..\..\R5T.L0034\source\R5T.L0034\R5T.L0034.csproj", "{4866DC17-6FDA-4F6C-A106-119B5A05B329}"
EndProject
Project("{9A19103F-16F7-4668-BE54-9A1E7A4F7556}") = "R5T.L0035", "..\..\R5T.L0035\source\R5T.L0035\R5T.L0035.csproj", "{5B38E7EB-4680-4A08-BB18-674824B03C27}"
EndProject
Project("{9A19103F-16F7-4668-BE54-9A1E7A4F7556}") = "R5T.NG0020", "..\..\R5T.NG0020\source\R5T.NG0020\R5T.NG0020.csproj", "{6BCD726E-7DA3-43EC-A80E-908B05B86B11}"
EndProject
Project("{9A19103F-16F7-4668-BE54-9A1E7A4F7556}") = "R5T.T0131", "..\..\R5T.T0131\source\R5T.T0131\R5T.T0131.csproj", "{9935D120-4ADB-4AB2-B090-65BCCCC4B565}"
EndProject
Project("{9A19103F-16F7-4668-BE54-9A1E7A4F7556}") = "R5T.T0132", "..\..\R5T.T0132\source\R5T.T0132\R5T.T0132.csproj", "{0160913B-29D5-4681-B95B-4015A643A6BD}"
EndProject
Project("{9A19103F-16F7-4668-BE54-9A1E7A4F7556}") = "R5T.T0142", "..\..\R5T.T0142\source\R5T.T0142\R5T.T0142.csproj", "{B51E4F09-0F27-4E03-A75F-A2DECE362F6A}"
EndProject
Project("{9A19103F-16F7-4668-BE54-9A1E7A4F7556}") = "R5T.T0143", "..\..\R5T.T0143\source\R5T.T0143\R5T.T0143.csproj", "{ACF85214-4F9B-4DA7-A3D4-18EA1868FE2B}"
EndProject
Project("{9A19103F-16F7-4668-BE54-9A1E7A4F7556}") = "R5T.T0156", "..\..\R5T.T0156\source\R5T.T0156\R5T.T0156.csproj", "{E3355160-0247-48AD-AFF1-611B8CE96CD1}"
EndProject
Project("{9A19103F-16F7-4668-BE54-9A1E7A4F7556}") = "R5T.T0174", "..\..\R5T.T0174\source\R5T.T0174\R5T.T0174.csproj", "{99439AC4-562E-4B12-9D74-C89F61242799}"
EndProject
Project("{9A19103F-16F7-4668-BE54-9A1E7A4F7556}") = "R5T.T0176", "..\..\R5T.T0176\source\R5T.T0176\R5T.T0176.csproj", "{7CEFFFC6-C1C9-4C42-9C81-A551170FDFDD}"
EndProject
Project("{9A19103F-16F7-4668-BE54-9A1E7A4F7556}") = "R5T.T0177", "..\..\R5T.T0177\source\R5T.T0177\R5T.T0177.csproj", "{3DD00589-E370-4ACA-B861-6F51D8DACD15}"
EndProject
Project("{9A19103F-16F7-4668-BE54-9A1E7A4F7556}") = "R5T.T0178", "..\..\R5T.T0178\source\R5T.T0178\R5T.T0178.csproj", "{00BE5040-4858-491D-8D22-08A563D47051}"
EndProject
Project("{9A19103F-16F7-4668-BE54-9A1E7A4F7556}") = "R5T.T0179", "..\..\R5T.T0179\source\R5T.T0179\R5T.T0179.csproj", "{11F644B1-D6B3-4A7E-B8C3-C6A435E7E1D8}"
EndProject
Project("{9A19103F-16F7-4668-BE54-9A1E7A4F7556}") = "R5T.T0180", "..\..\R5T.T0180\source\R5T.T0180\R5T.T0180.csproj", "{13D4A85F-D968-462F-A78A-0B15F8F6D43F}"
EndProject
Project("{9A19103F-16F7-4668-BE54-9A1E7A4F7556}") = "R5T.T0181", "..\..\R5T.T0181\source\R5T.T0181\R5T.T0181.csproj", "{252955F8-B413-4E33-ACE8-3B1106274F03}"
EndProject
Project("{9A19103F-16F7-4668-BE54-9A1E7A4F7556}") = "R5T.T0185", "..\..\R5T.T0185\source\R5T.T0185\R5T.T0185.csproj", "{649D3F98-FD15-41E6-8BD2-899D3A003C06}"
EndProject
Project("{9A19103F-16F7-4668-BE54-9A1E7A4F7556}") = "R5T.T0203", "..\..\R5T.T0203\source\R5T.T0203\R5T.T0203.csproj", "{F15EAC31-B74A-463D-848E-8EC33B2E8E47}"
EndProject
Project("{9A19103F-16F7-4668-BE54-9A1E7A4F7556}") = "R5T.Y0000", "..\..\R5T.Y0000\source\R5T.Y0000\R5T.Y0000.csproj", "{2C7561C8-A961-49AC-879A-3A4F0E372037}"
EndProject
Project("{9A19103F-16F7-4668-BE54-9A1E7A4F7556}") = "R5T.Z0000", "..\..\R5T.Z0000\source\R5T.Z0000\R5T.Z0000.csproj", "{AF47BFCA-E85D-4DE9-8008-EC9A029C14FF}"
EndProject
Global
	GlobalSection(NestedProjects) = preSolution
		{94C3E8FC-13C2-44AB-9A36-CF5373C88EE9} = {80CB85D7-09B5-48D7-883D-70C547D4FAEB}
		{CB2ED9C8-AA6D-4A2F-A3C7-B02D7EC7FC30} = {80CB85D7-09B5-48D7-883D-70C547D4FAEB}
		{546180B9-BBD8-4527-8F9F-AF46D9C86491} = {80CB85D7-09B5-48D7-883D-70C547D4FAEB}
		{3499C909-F94A-49B9-A111-DFA400BB2984} = {80CB85D7-09B5-48D7-883D-70C547D4FAEB}
		{A2FD2BE6-41CF-4668-90BD-A08026ED3F06} = {80CB85D7-09B5-48D7-883D-70C547D4FAEB}
		{2842082B-86DD-4426-9277-4BD4491B1E7E} = {80CB85D7-09B5-48D7-883D-70C547D4FAEB}
		{87AC863B-CD42-4D0C-AE2D-ADCBC6A61A82} = {80CB85D7-09B5-48D7-883D-70C547D4FAEB}
		{788C240E-DEE7-4F6C-AA17-DFC447F36283} = {80CB85D7-09B5-48D7-883D-70C547D4FAEB}
		{4866DC17-6FDA-4F6C-A106-119B5A05B329} = {80CB85D7-09B5-48D7-883D-70C547D4FAEB}
		{5B38E7EB-4680-4A08-BB18-674824B03C27} = {80CB85D7-09B5-48D7-883D-70C547D4FAEB}
		{6BCD726E-7DA3-43EC-A80E-908B05B86B11} = {80CB85D7-09B5-48D7-883D-70C547D4FAEB}
		{9935D120-4ADB-4AB2-B090-65BCCCC4B565} = {80CB85D7-09B5-48D7-883D-70C547D4FAEB}
		{0160913B-29D5-4681-B95B-4015A643A6BD} = {80CB85D7-09B5-48D7-883D-70C547D4FAEB}
		{B51E4F09-0F27-4E03-A75F-A2DECE362F6A} = {80CB85D7-09B5-48D7-883D-70C547D4FAEB}
		{ACF85214-4F9B-4DA7-A3D4-18EA1868FE2B} = {80CB85D7-09B5-48D7-883D-70C547D4FAEB}
		{E3355160-0247-48AD-AFF1-611B8CE96CD1} = {80CB85D7-09B5-48D7-883D-70C547D4FAEB}
		{99439AC4-562E-4B12-9D74-C89F61242799} = {80CB85D7-09B5-48D7-883D-70C547D4FAEB}
		{7CEFFFC6-C1C9-4C42-9C81-A551170FDFDD} = {80CB85D7-09B5-48D7-883D-70C547D4FAEB}
		{3DD00589-E370-4ACA-B861-6F51D8DACD15} = {80CB85D7-09B5-48D7-883D-70C547D4FAEB}
		{00BE5040-4858-491D-8D22-08A563D47051} = {80CB85D7-09B5-48D7-883D-70C547D4FAEB}
		{11F644B1-D6B3-4A7E-B8C3-C6A435E7E1D8} = {80CB85D7-09B5-48D7-883D-70C547D4FAEB}
		{13D4A85F-D968-462F-A78A-0B15F8F6D43F} = {80CB85D7-09B5-48D7-883D-70C547D4FAEB}
		{252955F8-B413-4E33-ACE8-3B1106274F03} = {80CB85D7-09B5-48D7-883D-70C547D4FAEB}
		{649D3F98-FD15-41E6-8BD2-899D3A003C06} = {80CB85D7-09B5-48D7-883D-70C547D4FAEB}
		{F15EAC31-B74A-463D-848E-8EC33B2E8E47} = {80CB85D7-09B5-48D7-883D-70C547D4FAEB}
		{2C7561C8-A961-49AC-879A-3A4F0E372037} = {80CB85D7-09B5-48D7-883D-70C547D4FAEB}
		{AF47BFCA-E85D-4DE9-8008-EC9A029C14FF} = {80CB85D7-09B5-48D7-883D-70C547D4FAEB}
	EndGlobalSection
	GlobalSection(SolutionConfigurationPlatforms) = preSolution
		Debug|Any CPU = Debug|Any CPU
		Release|Any CPU = Release|Any CPU
	EndGlobalSection
	GlobalSection(ProjectConfigurationPlatforms) = postSolution
		{EFC6AC48-1FF0-4FF8-B584-0CBB2E10149C}.Debug|Any CPU.ActiveCfg = Debug|Any CPU
		{EFC6AC48-1FF0-4FF8-B584-0CBB2E10149C}.Debug|Any CPU.Build.0 = Debug|Any CPU
		{EFC6AC48-1FF0-4FF8-B584-0CBB2E10149C}.Release|Any CPU.ActiveCfg = Release|Any CPU
		{EFC6AC48-1FF0-4FF8-B584-0CBB2E10149C}.Release|Any CPU.Build.0 = Release|Any CPU
		{94C3E8FC-13C2-44AB-9A36-CF5373C88EE9}.Debug|Any CPU.ActiveCfg = Debug|Any CPU
		{94C3E8FC-13C2-44AB-9A36-CF5373C88EE9}.Debug|Any CPU.Build.0 = Debug|Any CPU
		{94C3E8FC-13C2-44AB-9A36-CF5373C88EE9}.Release|Any CPU.ActiveCfg = Release|Any CPU
		{94C3E8FC-13C2-44AB-9A36-CF5373C88EE9}.Release|Any CPU.Build.0 = Release|Any CPU
		{CB2ED9C8-AA6D-4A2F-A3C7-B02D7EC7FC30}.Debug|Any CPU.ActiveCfg = Debug|Any CPU
		{CB2ED9C8-AA6D-4A2F-A3C7-B02D7EC7FC30}.Debug|Any CPU.Build.0 = Debug|Any CPU
		{CB2ED9C8-AA6D-4A2F-A3C7-B02D7EC7FC30}.Release|Any CPU.ActiveCfg = Release|Any CPU
		{CB2ED9C8-AA6D-4A2F-A3C7-B02D7EC7FC30}.Release|Any CPU.Build.0 = Release|Any CPU
		{546180B9-BBD8-4527-8F9F-AF46D9C86491}.Debug|Any CPU.ActiveCfg = Debug|Any CPU
		{546180B9-BBD8-4527-8F9F-AF46D9C86491}.Debug|Any CPU.Build.0 = Debug|Any CPU
		{546180B9-BBD8-4527-8F9F-AF46D9C86491}.Release|Any CPU.ActiveCfg = Release|Any CPU
		{546180B9-BBD8-4527-8F9F-AF46D9C86491}.Release|Any CPU.Build.0 = Release|Any CPU
		{3499C909-F94A-49B9-A111-DFA400BB2984}.Debug|Any CPU.ActiveCfg = Debug|Any CPU
		{3499C909-F94A-49B9-A111-DFA400BB2984}.Debug|Any CPU.Build.0 = Debug|Any CPU
		{3499C909-F94A-49B9-A111-DFA400BB2984}.Release|Any CPU.ActiveCfg = Release|Any CPU
		{3499C909-F94A-49B9-A111-DFA400BB2984}.Release|Any CPU.Build.0 = Release|Any CPU
		{A2FD2BE6-41CF-4668-90BD-A08026ED3F06}.Debug|Any CPU.ActiveCfg = Debug|Any CPU
		{A2FD2BE6-41CF-4668-90BD-A08026ED3F06}.Debug|Any CPU.Build.0 = Debug|Any CPU
		{A2FD2BE6-41CF-4668-90BD-A08026ED3F06}.Release|Any CPU.ActiveCfg = Release|Any CPU
		{A2FD2BE6-41CF-4668-90BD-A08026ED3F06}.Release|Any CPU.Build.0 = Release|Any CPU
		{2842082B-86DD-4426-9277-4BD4491B1E7E}.Debug|Any CPU.ActiveCfg = Debug|Any CPU
		{2842082B-86DD-4426-9277-4BD4491B1E7E}.Debug|Any CPU.Build.0 = Debug|Any CPU
		{2842082B-86DD-4426-9277-4BD4491B1E7E}.Release|Any CPU.ActiveCfg = Release|Any CPU
		{2842082B-86DD-4426-9277-4BD4491B1E7E}.Release|Any CPU.Build.0 = Release|Any CPU
		{87AC863B-CD42-4D0C-AE2D-ADCBC6A61A82}.Debug|Any CPU.ActiveCfg = Debug|Any CPU
		{87AC863B-CD42-4D0C-AE2D-ADCBC6A61A82}.Debug|Any CPU.Build.0 = Debug|Any CPU
		{87AC863B-CD42-4D0C-AE2D-ADCBC6A61A82}.Release|Any CPU.ActiveCfg = Release|Any CPU
		{87AC863B-CD42-4D0C-AE2D-ADCBC6A61A82}.Release|Any CPU.Build.0 = Release|Any CPU
		{788C240E-DEE7-4F6C-AA17-DFC447F36283}.Debug|Any CPU.ActiveCfg = Debug|Any CPU
		{788C240E-DEE7-4F6C-AA17-DFC447F36283}.Debug|Any CPU.Build.0 = Debug|Any CPU
		{788C240E-DEE7-4F6C-AA17-DFC447F36283}.Release|Any CPU.ActiveCfg = Release|Any CPU
		{788C240E-DEE7-4F6C-AA17-DFC447F36283}.Release|Any CPU.Build.0 = Release|Any CPU
		{4866DC17-6FDA-4F6C-A106-119B5A05B329}.Debug|Any CPU.ActiveCfg = Debug|Any CPU
		{4866DC17-6FDA-4F6C-A106-119B5A05B329}.Debug|Any CPU.Build.0 = Debug|Any CPU
		{4866DC17-6FDA-4F6C-A106-119B5A05B329}.Release|Any CPU.ActiveCfg = Release|Any CPU
		{4866DC17-6FDA-4F6C-A106-119B5A05B329}.Release|Any CPU.Build.0 = Release|Any CPU
		{5B38E7EB-4680-4A08-BB18-674824B03C27}.Debug|Any CPU.ActiveCfg = Debug|Any CPU
		{5B38E7EB-4680-4A08-BB18-674824B03C27}.Debug|Any CPU.Build.0 = Debug|Any CPU
		{5B38E7EB-4680-4A08-BB18-674824B03C27}.Release|Any CPU.ActiveCfg = Release|Any CPU
		{5B38E7EB-4680-4A08-BB18-674824B03C27}.Release|Any CPU.Build.0 = Release|Any CPU
		{6BCD726E-7DA3-43EC-A80E-908B05B86B11}.Debug|Any CPU.ActiveCfg = Debug|Any CPU
		{6BCD726E-7DA3-43EC-A80E-908B05B86B11}.Debug|Any CPU.Build.0 = Debug|Any CPU
		{6BCD726E-7DA3-43EC-A80E-908B05B86B11}.Release|Any CPU.ActiveCfg = Release|Any CPU
		{6BCD726E-7DA3-43EC-A80E-908B05B86B11}.Release|Any CPU.Build.0 = Release|Any CPU
		{9935D120-4ADB-4AB2-B090-65BCCCC4B565}.Debug|Any CPU.ActiveCfg = Debug|Any CPU
		{9935D120-4ADB-4AB2-B090-65BCCCC4B565}.Debug|Any CPU.Build.0 = Debug|Any CPU
		{9935D120-4ADB-4AB2-B090-65BCCCC4B565}.Release|Any CPU.ActiveCfg = Release|Any CPU
		{9935D120-4ADB-4AB2-B090-65BCCCC4B565}.Release|Any CPU.Build.0 = Release|Any CPU
		{0160913B-29D5-4681-B95B-4015A643A6BD}.Debug|Any CPU.ActiveCfg = Debug|Any CPU
		{0160913B-29D5-4681-B95B-4015A643A6BD}.Debug|Any CPU.Build.0 = Debug|Any CPU
		{0160913B-29D5-4681-B95B-4015A643A6BD}.Release|Any CPU.ActiveCfg = Release|Any CPU
		{0160913B-29D5-4681-B95B-4015A643A6BD}.Release|Any CPU.Build.0 = Release|Any CPU
		{B51E4F09-0F27-4E03-A75F-A2DECE362F6A}.Debug|Any CPU.ActiveCfg = Debug|Any CPU
		{B51E4F09-0F27-4E03-A75F-A2DECE362F6A}.Debug|Any CPU.Build.0 = Debug|Any CPU
		{B51E4F09-0F27-4E03-A75F-A2DECE362F6A}.Release|Any CPU.ActiveCfg = Release|Any CPU
		{B51E4F09-0F27-4E03-A75F-A2DECE362F6A}.Release|Any CPU.Build.0 = Release|Any CPU
		{ACF85214-4F9B-4DA7-A3D4-18EA1868FE2B}.Debug|Any CPU.ActiveCfg = Debug|Any CPU
		{ACF85214-4F9B-4DA7-A3D4-18EA1868FE2B}.Debug|Any CPU.Build.0 = Debug|Any CPU
		{ACF85214-4F9B-4DA7-A3D4-18EA1868FE2B}.Release|Any CPU.ActiveCfg = Release|Any CPU
		{ACF85214-4F9B-4DA7-A3D4-18EA1868FE2B}.Release|Any CPU.Build.0 = Release|Any CPU
		{E3355160-0247-48AD-AFF1-611B8CE96CD1}.Debug|Any CPU.ActiveCfg = Debug|Any CPU
		{E3355160-0247-48AD-AFF1-611B8CE96CD1}.Debug|Any CPU.Build.0 = Debug|Any CPU
		{E3355160-0247-48AD-AFF1-611B8CE96CD1}.Release|Any CPU.ActiveCfg = Release|Any CPU
		{E3355160-0247-48AD-AFF1-611B8CE96CD1}.Release|Any CPU.Build.0 = Release|Any CPU
		{99439AC4-562E-4B12-9D74-C89F61242799}.Debug|Any CPU.ActiveCfg = Debug|Any CPU
		{99439AC4-562E-4B12-9D74-C89F61242799}.Debug|Any CPU.Build.0 = Debug|Any CPU
		{99439AC4-562E-4B12-9D74-C89F61242799}.Release|Any CPU.ActiveCfg = Release|Any CPU
		{99439AC4-562E-4B12-9D74-C89F61242799}.Release|Any CPU.Build.0 = Release|Any CPU
		{7CEFFFC6-C1C9-4C42-9C81-A551170FDFDD}.Debug|Any CPU.ActiveCfg = Debug|Any CPU
		{7CEFFFC6-C1C9-4C42-9C81-A551170FDFDD}.Debug|Any CPU.Build.0 = Debug|Any CPU
		{7CEFFFC6-C1C9-4C42-9C81-A551170FDFDD}.Release|Any CPU.ActiveCfg = Release|Any CPU
		{7CEFFFC6-C1C9-4C42-9C81-A551170FDFDD}.Release|Any CPU.Build.0 = Release|Any CPU
		{3DD00589-E370-4ACA-B861-6F51D8DACD15}.Debug|Any CPU.ActiveCfg = Debug|Any CPU
		{3DD00589-E370-4ACA-B861-6F51D8DACD15}.Debug|Any CPU.Build.0 = Debug|Any CPU
		{3DD00589-E370-4ACA-B861-6F51D8DACD15}.Release|Any CPU.ActiveCfg = Release|Any CPU
		{3DD00589-E370-4ACA-B861-6F51D8DACD15}.Release|Any CPU.Build.0 = Release|Any CPU
		{00BE5040-4858-491D-8D22-08A563D47051}.Debug|Any CPU.ActiveCfg = Debug|Any CPU
		{00BE5040-4858-491D-8D22-08A563D47051}.Debug|Any CPU.Build.0 = Debug|Any CPU
		{00BE5040-4858-491D-8D22-08A563D47051}.Release|Any CPU.ActiveCfg = Release|Any CPU
		{00BE5040-4858-491D-8D22-08A563D47051}.Release|Any CPU.Build.0 = Release|Any CPU
		{11F644B1-D6B3-4A7E-B8C3-C6A435E7E1D8}.Debug|Any CPU.ActiveCfg = Debug|Any CPU
		{11F644B1-D6B3-4A7E-B8C3-C6A435E7E1D8}.Debug|Any CPU.Build.0 = Debug|Any CPU
		{11F644B1-D6B3-4A7E-B8C3-C6A435E7E1D8}.Release|Any CPU.ActiveCfg = Release|Any CPU
		{11F644B1-D6B3-4A7E-B8C3-C6A435E7E1D8}.Release|Any CPU.Build.0 = Release|Any CPU
		{13D4A85F-D968-462F-A78A-0B15F8F6D43F}.Debug|Any CPU.ActiveCfg = Debug|Any CPU
		{13D4A85F-D968-462F-A78A-0B15F8F6D43F}.Debug|Any CPU.Build.0 = Debug|Any CPU
		{13D4A85F-D968-462F-A78A-0B15F8F6D43F}.Release|Any CPU.ActiveCfg = Release|Any CPU
		{13D4A85F-D968-462F-A78A-0B15F8F6D43F}.Release|Any CPU.Build.0 = Release|Any CPU
		{252955F8-B413-4E33-ACE8-3B1106274F03}.Debug|Any CPU.ActiveCfg = Debug|Any CPU
		{252955F8-B413-4E33-ACE8-3B1106274F03}.Debug|Any CPU.Build.0 = Debug|Any CPU
		{252955F8-B413-4E33-ACE8-3B1106274F03}.Release|Any CPU.ActiveCfg = Release|Any CPU
		{252955F8-B413-4E33-ACE8-3B1106274F03}.Release|Any CPU.Build.0 = Release|Any CPU
		{649D3F98-FD15-41E6-8BD2-899D3A003C06}.Debug|Any CPU.ActiveCfg = Debug|Any CPU
		{649D3F98-FD15-41E6-8BD2-899D3A003C06}.Debug|Any CPU.Build.0 = Debug|Any CPU
		{649D3F98-FD15-41E6-8BD2-899D3A003C06}.Release|Any CPU.ActiveCfg = Release|Any CPU
		{649D3F98-FD15-41E6-8BD2-899D3A003C06}.Release|Any CPU.Build.0 = Release|Any CPU
		{F15EAC31-B74A-463D-848E-8EC33B2E8E47}.Debug|Any CPU.ActiveCfg = Debug|Any CPU
		{F15EAC31-B74A-463D-848E-8EC33B2E8E47}.Debug|Any CPU.Build.0 = Debug|Any CPU
		{F15EAC31-B74A-463D-848E-8EC33B2E8E47}.Release|Any CPU.ActiveCfg = Release|Any CPU
		{F15EAC31-B74A-463D-848E-8EC33B2E8E47}.Release|Any CPU.Build.0 = Release|Any CPU
		{2C7561C8-A961-49AC-879A-3A4F0E372037}.Debug|Any CPU.ActiveCfg = Debug|Any CPU
		{2C7561C8-A961-49AC-879A-3A4F0E372037}.Debug|Any CPU.Build.0 = Debug|Any CPU
		{2C7561C8-A961-49AC-879A-3A4F0E372037}.Release|Any CPU.ActiveCfg = Release|Any CPU
		{2C7561C8-A961-49AC-879A-3A4F0E372037}.Release|Any CPU.Build.0 = Release|Any CPU
		{AF47BFCA-E85D-4DE9-8008-EC9A029C14FF}.Debug|Any CPU.ActiveCfg = Debug|Any CPU
		{AF47BFCA-E85D-4DE9-8008-EC9A029C14FF}.Debug|Any CPU.Build.0 = Debug|Any CPU
		{AF47BFCA-E85D-4DE9-8008-EC9A029C14FF}.Release|Any CPU.ActiveCfg = Release|Any CPU
		{AF47BFCA-E85D-4DE9-8008-EC9A029C14FF}.Release|Any CPU.Build.0 = Release|Any CPU
	EndGlobalSection
	GlobalSection(SolutionProperties) = preSolution
		HideSolutionNode = FALSE
	EndGlobalSection
	GlobalSection(ExtensibilityGlobals) = postSolution
		SolutionGuid = {92AFB40E-E608-48A6-A730-53220EB87464}
	EndGlobalSection
EndGlobal
