
Microsoft Visual Studio Solution File, Format Version 12.00
# Visual Studio Version 17
VisualStudioVersion = 17.2.32630.192
MinimumVisualStudioVersion = 10.0.40219.1
Project("{9A19103F-16F7-4668-BE54-9A1E7A4F7556}") = "R5T.O0021.Construction", "R5T.O0021.Construction\R5T.O0021.Construction.csproj", "{4E232FBE-465A-4937-AB64-29C2882974CE}"
EndProject
Project("{9A19103F-16F7-4668-BE54-9A1E7A4F7556}") = "R5T.O0021", "R5T.O0021\R5T.O0021.csproj", "{1AC2B1BC-36B3-4BDB-A769-479E1D54E17B}"
EndProject
Project("{2150E333-8FDC-42A3-9474-1A3956D46DE8}") = "_Dependencies", "_Dependencies", "{0D8205BB-E96B-4CD6-9558-057EAA3E2D4F}"
EndProject
Project("{9A19103F-16F7-4668-BE54-9A1E7A4F7556}") = "R5T.F0000", "..\..\R5T.F0000\source\R5T.F0000\R5T.F0000.csproj", "{1309C790-4ADB-473C-982E-A2B38FFC98D1}"
EndProject
Project("{9A19103F-16F7-4668-BE54-9A1E7A4F7556}") = "R5T.F0002", "..\..\R5T.F0002\source\R5T.F0002\R5T.F0002.csproj", "{D35161FA-817D-47A0-87D0-E8DA595C0F33}"
EndProject
Project("{9A19103F-16F7-4668-BE54-9A1E7A4F7556}") = "R5T.F0120", "..\..\R5T.F0120\source\R5T.F0120\R5T.F0120.csproj", "{E8A26094-6A6A-48F2-A4FE-4F1DCA2E740D}"
EndProject
Project("{9A19103F-16F7-4668-BE54-9A1E7A4F7556}") = "R5T.F0124", "..\..\R5T.F0124\source\R5T.F0124\R5T.F0124.csproj", "{3E2D16E7-79D2-483D-8E01-42BA10E7B159}"
EndProject
Project("{9A19103F-16F7-4668-BE54-9A1E7A4F7556}") = "R5T.F0125", "..\..\R5T.F0125\source\R5T.F0125\R5T.F0125.csproj", "{F18C34BF-D220-4F02-9BC9-C8BD2B0F5AA6}"
EndProject
Project("{9A19103F-16F7-4668-BE54-9A1E7A4F7556}") = "R5T.F0136", "..\..\R5T.F0136\source\R5T.F0136\R5T.F0136.csproj", "{334A6972-F740-4D1B-A3EE-7FEEE36EB45B}"
EndProject
Project("{9A19103F-16F7-4668-BE54-9A1E7A4F7556}") = "R5T.L0030.T000", "..\..\R5T.L0030\source\R5T.L0030.T000\R5T.L0030.T000.csproj", "{D2780B36-9E74-4652-BA0A-09540FEE872F}"
EndProject
Project("{9A19103F-16F7-4668-BE54-9A1E7A4F7556}") = "R5T.L0030", "..\..\R5T.L0030\source\R5T.L0030\R5T.L0030.csproj", "{55DDB69E-8B7F-4E72-A2E3-2073A8307D97}"
EndProject
Project("{9A19103F-16F7-4668-BE54-9A1E7A4F7556}") = "R5T.L0034", "..\..\R5T.L0034\source\R5T.L0034\R5T.L0034.csproj", "{0BA8E749-AC07-4274-9046-B4B50FA37056}"
EndProject
Project("{9A19103F-16F7-4668-BE54-9A1E7A4F7556}") = "R5T.L0035", "..\..\R5T.L0035\source\R5T.L0035\R5T.L0035.csproj", "{3FF66540-0A79-48FA-9F0F-F69CE5433171}"
EndProject
Project("{9A19103F-16F7-4668-BE54-9A1E7A4F7556}") = "R5T.NG0020", "..\..\R5T.NG0020\source\R5T.NG0020\R5T.NG0020.csproj", "{BE5E249D-7AB1-49AC-9223-99838D3D8CFC}"
EndProject
Project("{9A19103F-16F7-4668-BE54-9A1E7A4F7556}") = "R5T.T0131", "..\..\R5T.T0131\source\R5T.T0131\R5T.T0131.csproj", "{4D308BF8-8CB1-4B05-B62B-BD7601654492}"
EndProject
Project("{9A19103F-16F7-4668-BE54-9A1E7A4F7556}") = "R5T.T0132", "..\..\R5T.T0132\source\R5T.T0132\R5T.T0132.csproj", "{A2976508-7158-49AA-8CE6-F808FED74FA5}"
EndProject
Project("{9A19103F-16F7-4668-BE54-9A1E7A4F7556}") = "R5T.T0142", "..\..\R5T.T0142\source\R5T.T0142\R5T.T0142.csproj", "{EE5F87EC-B244-41E4-85D5-B129204A1FE7}"
EndProject
Project("{9A19103F-16F7-4668-BE54-9A1E7A4F7556}") = "R5T.T0143", "..\..\R5T.T0143\source\R5T.T0143\R5T.T0143.csproj", "{27250CAF-3E27-474A-91FD-C70D5F81E161}"
EndProject
Project("{9A19103F-16F7-4668-BE54-9A1E7A4F7556}") = "R5T.T0156", "..\..\R5T.T0156\source\R5T.T0156\R5T.T0156.csproj", "{8A3D724C-51EF-4607-845A-88F7E9B9814A}"
EndProject
Project("{9A19103F-16F7-4668-BE54-9A1E7A4F7556}") = "R5T.T0174", "..\..\R5T.T0174\source\R5T.T0174\R5T.T0174.csproj", "{D6C90E58-C0D2-4ED8-B596-919F18921C5B}"
EndProject
Project("{9A19103F-16F7-4668-BE54-9A1E7A4F7556}") = "R5T.T0176", "..\..\R5T.T0176\source\R5T.T0176\R5T.T0176.csproj", "{CACD608E-435F-4ED0-9356-4C8024A71416}"
EndProject
Project("{9A19103F-16F7-4668-BE54-9A1E7A4F7556}") = "R5T.T0177", "..\..\R5T.T0177\source\R5T.T0177\R5T.T0177.csproj", "{B7116C4A-D5C4-4FF4-BF1F-C894EE5ED6D6}"
EndProject
Project("{9A19103F-16F7-4668-BE54-9A1E7A4F7556}") = "R5T.T0178", "..\..\R5T.T0178\source\R5T.T0178\R5T.T0178.csproj", "{715BFAC5-891D-465F-8913-6E3BC09DABEA}"
EndProject
Project("{9A19103F-16F7-4668-BE54-9A1E7A4F7556}") = "R5T.T0179", "..\..\R5T.T0179\source\R5T.T0179\R5T.T0179.csproj", "{999AC3ED-B6A3-4B47-8EF9-A4B933A24670}"
EndProject
Project("{9A19103F-16F7-4668-BE54-9A1E7A4F7556}") = "R5T.T0180", "..\..\R5T.T0180\source\R5T.T0180\R5T.T0180.csproj", "{39B8A1CB-0180-44F9-8383-63F741D0F497}"
EndProject
Project("{9A19103F-16F7-4668-BE54-9A1E7A4F7556}") = "R5T.T0181", "..\..\R5T.T0181\source\R5T.T0181\R5T.T0181.csproj", "{14213277-B8F2-4FCE-A131-C52A5A24921F}"
EndProject
Project("{9A19103F-16F7-4668-BE54-9A1E7A4F7556}") = "R5T.T0185", "..\..\R5T.T0185\source\R5T.T0185\R5T.T0185.csproj", "{6613BFFD-E77F-46F4-A961-16C4EF7D257A}"
EndProject
Project("{9A19103F-16F7-4668-BE54-9A1E7A4F7556}") = "R5T.T0203", "..\..\R5T.T0203\source\R5T.T0203\R5T.T0203.csproj", "{7AE08DDD-9227-40E2-B6D0-7DEA9529ED76}"
EndProject
Project("{9A19103F-16F7-4668-BE54-9A1E7A4F7556}") = "R5T.Y0000", "..\..\R5T.Y0000\source\R5T.Y0000\R5T.Y0000.csproj", "{2F914C82-E111-4BE1-B428-367BDFCEFDA5}"
EndProject
Project("{9A19103F-16F7-4668-BE54-9A1E7A4F7556}") = "R5T.Z0000", "..\..\R5T.Z0000\source\R5T.Z0000\R5T.Z0000.csproj", "{9DF4D829-D12C-43D6-A950-F5B3C33D30BD}"
EndProject
Global
	GlobalSection(NestedProjects) = preSolution
		{1309C790-4ADB-473C-982E-A2B38FFC98D1} = {0D8205BB-E96B-4CD6-9558-057EAA3E2D4F}
		{D35161FA-817D-47A0-87D0-E8DA595C0F33} = {0D8205BB-E96B-4CD6-9558-057EAA3E2D4F}
		{E8A26094-6A6A-48F2-A4FE-4F1DCA2E740D} = {0D8205BB-E96B-4CD6-9558-057EAA3E2D4F}
		{3E2D16E7-79D2-483D-8E01-42BA10E7B159} = {0D8205BB-E96B-4CD6-9558-057EAA3E2D4F}
		{F18C34BF-D220-4F02-9BC9-C8BD2B0F5AA6} = {0D8205BB-E96B-4CD6-9558-057EAA3E2D4F}
		{334A6972-F740-4D1B-A3EE-7FEEE36EB45B} = {0D8205BB-E96B-4CD6-9558-057EAA3E2D4F}
		{D2780B36-9E74-4652-BA0A-09540FEE872F} = {0D8205BB-E96B-4CD6-9558-057EAA3E2D4F}
		{55DDB69E-8B7F-4E72-A2E3-2073A8307D97} = {0D8205BB-E96B-4CD6-9558-057EAA3E2D4F}
		{0BA8E749-AC07-4274-9046-B4B50FA37056} = {0D8205BB-E96B-4CD6-9558-057EAA3E2D4F}
		{3FF66540-0A79-48FA-9F0F-F69CE5433171} = {0D8205BB-E96B-4CD6-9558-057EAA3E2D4F}
		{BE5E249D-7AB1-49AC-9223-99838D3D8CFC} = {0D8205BB-E96B-4CD6-9558-057EAA3E2D4F}
		{4D308BF8-8CB1-4B05-B62B-BD7601654492} = {0D8205BB-E96B-4CD6-9558-057EAA3E2D4F}
		{A2976508-7158-49AA-8CE6-F808FED74FA5} = {0D8205BB-E96B-4CD6-9558-057EAA3E2D4F}
		{EE5F87EC-B244-41E4-85D5-B129204A1FE7} = {0D8205BB-E96B-4CD6-9558-057EAA3E2D4F}
		{27250CAF-3E27-474A-91FD-C70D5F81E161} = {0D8205BB-E96B-4CD6-9558-057EAA3E2D4F}
		{8A3D724C-51EF-4607-845A-88F7E9B9814A} = {0D8205BB-E96B-4CD6-9558-057EAA3E2D4F}
		{D6C90E58-C0D2-4ED8-B596-919F18921C5B} = {0D8205BB-E96B-4CD6-9558-057EAA3E2D4F}
		{CACD608E-435F-4ED0-9356-4C8024A71416} = {0D8205BB-E96B-4CD6-9558-057EAA3E2D4F}
		{B7116C4A-D5C4-4FF4-BF1F-C894EE5ED6D6} = {0D8205BB-E96B-4CD6-9558-057EAA3E2D4F}
		{715BFAC5-891D-465F-8913-6E3BC09DABEA} = {0D8205BB-E96B-4CD6-9558-057EAA3E2D4F}
		{999AC3ED-B6A3-4B47-8EF9-A4B933A24670} = {0D8205BB-E96B-4CD6-9558-057EAA3E2D4F}
		{39B8A1CB-0180-44F9-8383-63F741D0F497} = {0D8205BB-E96B-4CD6-9558-057EAA3E2D4F}
		{14213277-B8F2-4FCE-A131-C52A5A24921F} = {0D8205BB-E96B-4CD6-9558-057EAA3E2D4F}
		{6613BFFD-E77F-46F4-A961-16C4EF7D257A} = {0D8205BB-E96B-4CD6-9558-057EAA3E2D4F}
		{7AE08DDD-9227-40E2-B6D0-7DEA9529ED76} = {0D8205BB-E96B-4CD6-9558-057EAA3E2D4F}
		{2F914C82-E111-4BE1-B428-367BDFCEFDA5} = {0D8205BB-E96B-4CD6-9558-057EAA3E2D4F}
		{9DF4D829-D12C-43D6-A950-F5B3C33D30BD} = {0D8205BB-E96B-4CD6-9558-057EAA3E2D4F}
	EndGlobalSection
	GlobalSection(SolutionConfigurationPlatforms) = preSolution
		Debug|Any CPU = Debug|Any CPU
		Release|Any CPU = Release|Any CPU
	EndGlobalSection
	GlobalSection(ProjectConfigurationPlatforms) = postSolution
		{4E232FBE-465A-4937-AB64-29C2882974CE}.Debug|Any CPU.ActiveCfg = Debug|Any CPU
		{4E232FBE-465A-4937-AB64-29C2882974CE}.Debug|Any CPU.Build.0 = Debug|Any CPU
		{4E232FBE-465A-4937-AB64-29C2882974CE}.Release|Any CPU.ActiveCfg = Release|Any CPU
		{4E232FBE-465A-4937-AB64-29C2882974CE}.Release|Any CPU.Build.0 = Release|Any CPU
		{1AC2B1BC-36B3-4BDB-A769-479E1D54E17B}.Debug|Any CPU.ActiveCfg = Debug|Any CPU
		{1AC2B1BC-36B3-4BDB-A769-479E1D54E17B}.Debug|Any CPU.Build.0 = Debug|Any CPU
		{1AC2B1BC-36B3-4BDB-A769-479E1D54E17B}.Release|Any CPU.ActiveCfg = Release|Any CPU
		{1AC2B1BC-36B3-4BDB-A769-479E1D54E17B}.Release|Any CPU.Build.0 = Release|Any CPU
		{1309C790-4ADB-473C-982E-A2B38FFC98D1}.Debug|Any CPU.ActiveCfg = Debug|Any CPU
		{1309C790-4ADB-473C-982E-A2B38FFC98D1}.Debug|Any CPU.Build.0 = Debug|Any CPU
		{1309C790-4ADB-473C-982E-A2B38FFC98D1}.Release|Any CPU.ActiveCfg = Release|Any CPU
		{1309C790-4ADB-473C-982E-A2B38FFC98D1}.Release|Any CPU.Build.0 = Release|Any CPU
		{D35161FA-817D-47A0-87D0-E8DA595C0F33}.Debug|Any CPU.ActiveCfg = Debug|Any CPU
		{D35161FA-817D-47A0-87D0-E8DA595C0F33}.Debug|Any CPU.Build.0 = Debug|Any CPU
		{D35161FA-817D-47A0-87D0-E8DA595C0F33}.Release|Any CPU.ActiveCfg = Release|Any CPU
		{D35161FA-817D-47A0-87D0-E8DA595C0F33}.Release|Any CPU.Build.0 = Release|Any CPU
		{E8A26094-6A6A-48F2-A4FE-4F1DCA2E740D}.Debug|Any CPU.ActiveCfg = Debug|Any CPU
		{E8A26094-6A6A-48F2-A4FE-4F1DCA2E740D}.Debug|Any CPU.Build.0 = Debug|Any CPU
		{E8A26094-6A6A-48F2-A4FE-4F1DCA2E740D}.Release|Any CPU.ActiveCfg = Release|Any CPU
		{E8A26094-6A6A-48F2-A4FE-4F1DCA2E740D}.Release|Any CPU.Build.0 = Release|Any CPU
		{3E2D16E7-79D2-483D-8E01-42BA10E7B159}.Debug|Any CPU.ActiveCfg = Debug|Any CPU
		{3E2D16E7-79D2-483D-8E01-42BA10E7B159}.Debug|Any CPU.Build.0 = Debug|Any CPU
		{3E2D16E7-79D2-483D-8E01-42BA10E7B159}.Release|Any CPU.ActiveCfg = Release|Any CPU
		{3E2D16E7-79D2-483D-8E01-42BA10E7B159}.Release|Any CPU.Build.0 = Release|Any CPU
		{F18C34BF-D220-4F02-9BC9-C8BD2B0F5AA6}.Debug|Any CPU.ActiveCfg = Debug|Any CPU
		{F18C34BF-D220-4F02-9BC9-C8BD2B0F5AA6}.Debug|Any CPU.Build.0 = Debug|Any CPU
		{F18C34BF-D220-4F02-9BC9-C8BD2B0F5AA6}.Release|Any CPU.ActiveCfg = Release|Any CPU
		{F18C34BF-D220-4F02-9BC9-C8BD2B0F5AA6}.Release|Any CPU.Build.0 = Release|Any CPU
		{334A6972-F740-4D1B-A3EE-7FEEE36EB45B}.Debug|Any CPU.ActiveCfg = Debug|Any CPU
		{334A6972-F740-4D1B-A3EE-7FEEE36EB45B}.Debug|Any CPU.Build.0 = Debug|Any CPU
		{334A6972-F740-4D1B-A3EE-7FEEE36EB45B}.Release|Any CPU.ActiveCfg = Release|Any CPU
		{334A6972-F740-4D1B-A3EE-7FEEE36EB45B}.Release|Any CPU.Build.0 = Release|Any CPU
		{D2780B36-9E74-4652-BA0A-09540FEE872F}.Debug|Any CPU.ActiveCfg = Debug|Any CPU
		{D2780B36-9E74-4652-BA0A-09540FEE872F}.Debug|Any CPU.Build.0 = Debug|Any CPU
		{D2780B36-9E74-4652-BA0A-09540FEE872F}.Release|Any CPU.ActiveCfg = Release|Any CPU
		{D2780B36-9E74-4652-BA0A-09540FEE872F}.Release|Any CPU.Build.0 = Release|Any CPU
		{55DDB69E-8B7F-4E72-A2E3-2073A8307D97}.Debug|Any CPU.ActiveCfg = Debug|Any CPU
		{55DDB69E-8B7F-4E72-A2E3-2073A8307D97}.Debug|Any CPU.Build.0 = Debug|Any CPU
		{55DDB69E-8B7F-4E72-A2E3-2073A8307D97}.Release|Any CPU.ActiveCfg = Release|Any CPU
		{55DDB69E-8B7F-4E72-A2E3-2073A8307D97}.Release|Any CPU.Build.0 = Release|Any CPU
		{0BA8E749-AC07-4274-9046-B4B50FA37056}.Debug|Any CPU.ActiveCfg = Debug|Any CPU
		{0BA8E749-AC07-4274-9046-B4B50FA37056}.Debug|Any CPU.Build.0 = Debug|Any CPU
		{0BA8E749-AC07-4274-9046-B4B50FA37056}.Release|Any CPU.ActiveCfg = Release|Any CPU
		{0BA8E749-AC07-4274-9046-B4B50FA37056}.Release|Any CPU.Build.0 = Release|Any CPU
		{3FF66540-0A79-48FA-9F0F-F69CE5433171}.Debug|Any CPU.ActiveCfg = Debug|Any CPU
		{3FF66540-0A79-48FA-9F0F-F69CE5433171}.Debug|Any CPU.Build.0 = Debug|Any CPU
		{3FF66540-0A79-48FA-9F0F-F69CE5433171}.Release|Any CPU.ActiveCfg = Release|Any CPU
		{3FF66540-0A79-48FA-9F0F-F69CE5433171}.Release|Any CPU.Build.0 = Release|Any CPU
		{BE5E249D-7AB1-49AC-9223-99838D3D8CFC}.Debug|Any CPU.ActiveCfg = Debug|Any CPU
		{BE5E249D-7AB1-49AC-9223-99838D3D8CFC}.Debug|Any CPU.Build.0 = Debug|Any CPU
		{BE5E249D-7AB1-49AC-9223-99838D3D8CFC}.Release|Any CPU.ActiveCfg = Release|Any CPU
		{BE5E249D-7AB1-49AC-9223-99838D3D8CFC}.Release|Any CPU.Build.0 = Release|Any CPU
		{4D308BF8-8CB1-4B05-B62B-BD7601654492}.Debug|Any CPU.ActiveCfg = Debug|Any CPU
		{4D308BF8-8CB1-4B05-B62B-BD7601654492}.Debug|Any CPU.Build.0 = Debug|Any CPU
		{4D308BF8-8CB1-4B05-B62B-BD7601654492}.Release|Any CPU.ActiveCfg = Release|Any CPU
		{4D308BF8-8CB1-4B05-B62B-BD7601654492}.Release|Any CPU.Build.0 = Release|Any CPU
		{A2976508-7158-49AA-8CE6-F808FED74FA5}.Debug|Any CPU.ActiveCfg = Debug|Any CPU
		{A2976508-7158-49AA-8CE6-F808FED74FA5}.Debug|Any CPU.Build.0 = Debug|Any CPU
		{A2976508-7158-49AA-8CE6-F808FED74FA5}.Release|Any CPU.ActiveCfg = Release|Any CPU
		{A2976508-7158-49AA-8CE6-F808FED74FA5}.Release|Any CPU.Build.0 = Release|Any CPU
		{EE5F87EC-B244-41E4-85D5-B129204A1FE7}.Debug|Any CPU.ActiveCfg = Debug|Any CPU
		{EE5F87EC-B244-41E4-85D5-B129204A1FE7}.Debug|Any CPU.Build.0 = Debug|Any CPU
		{EE5F87EC-B244-41E4-85D5-B129204A1FE7}.Release|Any CPU.ActiveCfg = Release|Any CPU
		{EE5F87EC-B244-41E4-85D5-B129204A1FE7}.Release|Any CPU.Build.0 = Release|Any CPU
		{27250CAF-3E27-474A-91FD-C70D5F81E161}.Debug|Any CPU.ActiveCfg = Debug|Any CPU
		{27250CAF-3E27-474A-91FD-C70D5F81E161}.Debug|Any CPU.Build.0 = Debug|Any CPU
		{27250CAF-3E27-474A-91FD-C70D5F81E161}.Release|Any CPU.ActiveCfg = Release|Any CPU
		{27250CAF-3E27-474A-91FD-C70D5F81E161}.Release|Any CPU.Build.0 = Release|Any CPU
		{8A3D724C-51EF-4607-845A-88F7E9B9814A}.Debug|Any CPU.ActiveCfg = Debug|Any CPU
		{8A3D724C-51EF-4607-845A-88F7E9B9814A}.Debug|Any CPU.Build.0 = Debug|Any CPU
		{8A3D724C-51EF-4607-845A-88F7E9B9814A}.Release|Any CPU.ActiveCfg = Release|Any CPU
		{8A3D724C-51EF-4607-845A-88F7E9B9814A}.Release|Any CPU.Build.0 = Release|Any CPU
		{D6C90E58-C0D2-4ED8-B596-919F18921C5B}.Debug|Any CPU.ActiveCfg = Debug|Any CPU
		{D6C90E58-C0D2-4ED8-B596-919F18921C5B}.Debug|Any CPU.Build.0 = Debug|Any CPU
		{D6C90E58-C0D2-4ED8-B596-919F18921C5B}.Release|Any CPU.ActiveCfg = Release|Any CPU
		{D6C90E58-C0D2-4ED8-B596-919F18921C5B}.Release|Any CPU.Build.0 = Release|Any CPU
		{CACD608E-435F-4ED0-9356-4C8024A71416}.Debug|Any CPU.ActiveCfg = Debug|Any CPU
		{CACD608E-435F-4ED0-9356-4C8024A71416}.Debug|Any CPU.Build.0 = Debug|Any CPU
		{CACD608E-435F-4ED0-9356-4C8024A71416}.Release|Any CPU.ActiveCfg = Release|Any CPU
		{CACD608E-435F-4ED0-9356-4C8024A71416}.Release|Any CPU.Build.0 = Release|Any CPU
		{B7116C4A-D5C4-4FF4-BF1F-C894EE5ED6D6}.Debug|Any CPU.ActiveCfg = Debug|Any CPU
		{B7116C4A-D5C4-4FF4-BF1F-C894EE5ED6D6}.Debug|Any CPU.Build.0 = Debug|Any CPU
		{B7116C4A-D5C4-4FF4-BF1F-C894EE5ED6D6}.Release|Any CPU.ActiveCfg = Release|Any CPU
		{B7116C4A-D5C4-4FF4-BF1F-C894EE5ED6D6}.Release|Any CPU.Build.0 = Release|Any CPU
		{715BFAC5-891D-465F-8913-6E3BC09DABEA}.Debug|Any CPU.ActiveCfg = Debug|Any CPU
		{715BFAC5-891D-465F-8913-6E3BC09DABEA}.Debug|Any CPU.Build.0 = Debug|Any CPU
		{715BFAC5-891D-465F-8913-6E3BC09DABEA}.Release|Any CPU.ActiveCfg = Release|Any CPU
		{715BFAC5-891D-465F-8913-6E3BC09DABEA}.Release|Any CPU.Build.0 = Release|Any CPU
		{999AC3ED-B6A3-4B47-8EF9-A4B933A24670}.Debug|Any CPU.ActiveCfg = Debug|Any CPU
		{999AC3ED-B6A3-4B47-8EF9-A4B933A24670}.Debug|Any CPU.Build.0 = Debug|Any CPU
		{999AC3ED-B6A3-4B47-8EF9-A4B933A24670}.Release|Any CPU.ActiveCfg = Release|Any CPU
		{999AC3ED-B6A3-4B47-8EF9-A4B933A24670}.Release|Any CPU.Build.0 = Release|Any CPU
		{39B8A1CB-0180-44F9-8383-63F741D0F497}.Debug|Any CPU.ActiveCfg = Debug|Any CPU
		{39B8A1CB-0180-44F9-8383-63F741D0F497}.Debug|Any CPU.Build.0 = Debug|Any CPU
		{39B8A1CB-0180-44F9-8383-63F741D0F497}.Release|Any CPU.ActiveCfg = Release|Any CPU
		{39B8A1CB-0180-44F9-8383-63F741D0F497}.Release|Any CPU.Build.0 = Release|Any CPU
		{14213277-B8F2-4FCE-A131-C52A5A24921F}.Debug|Any CPU.ActiveCfg = Debug|Any CPU
		{14213277-B8F2-4FCE-A131-C52A5A24921F}.Debug|Any CPU.Build.0 = Debug|Any CPU
		{14213277-B8F2-4FCE-A131-C52A5A24921F}.Release|Any CPU.ActiveCfg = Release|Any CPU
		{14213277-B8F2-4FCE-A131-C52A5A24921F}.Release|Any CPU.Build.0 = Release|Any CPU
		{6613BFFD-E77F-46F4-A961-16C4EF7D257A}.Debug|Any CPU.ActiveCfg = Debug|Any CPU
		{6613BFFD-E77F-46F4-A961-16C4EF7D257A}.Debug|Any CPU.Build.0 = Debug|Any CPU
		{6613BFFD-E77F-46F4-A961-16C4EF7D257A}.Release|Any CPU.ActiveCfg = Release|Any CPU
		{6613BFFD-E77F-46F4-A961-16C4EF7D257A}.Release|Any CPU.Build.0 = Release|Any CPU
		{7AE08DDD-9227-40E2-B6D0-7DEA9529ED76}.Debug|Any CPU.ActiveCfg = Debug|Any CPU
		{7AE08DDD-9227-40E2-B6D0-7DEA9529ED76}.Debug|Any CPU.Build.0 = Debug|Any CPU
		{7AE08DDD-9227-40E2-B6D0-7DEA9529ED76}.Release|Any CPU.ActiveCfg = Release|Any CPU
		{7AE08DDD-9227-40E2-B6D0-7DEA9529ED76}.Release|Any CPU.Build.0 = Release|Any CPU
		{2F914C82-E111-4BE1-B428-367BDFCEFDA5}.Debug|Any CPU.ActiveCfg = Debug|Any CPU
		{2F914C82-E111-4BE1-B428-367BDFCEFDA5}.Debug|Any CPU.Build.0 = Debug|Any CPU
		{2F914C82-E111-4BE1-B428-367BDFCEFDA5}.Release|Any CPU.ActiveCfg = Release|Any CPU
		{2F914C82-E111-4BE1-B428-367BDFCEFDA5}.Release|Any CPU.Build.0 = Release|Any CPU
		{9DF4D829-D12C-43D6-A950-F5B3C33D30BD}.Debug|Any CPU.ActiveCfg = Debug|Any CPU
		{9DF4D829-D12C-43D6-A950-F5B3C33D30BD}.Debug|Any CPU.Build.0 = Debug|Any CPU
		{9DF4D829-D12C-43D6-A950-F5B3C33D30BD}.Release|Any CPU.ActiveCfg = Release|Any CPU
		{9DF4D829-D12C-43D6-A950-F5B3C33D30BD}.Release|Any CPU.Build.0 = Release|Any CPU
	EndGlobalSection
	GlobalSection(SolutionProperties) = preSolution
		HideSolutionNode = FALSE
	EndGlobalSection
	GlobalSection(ExtensibilityGlobals) = postSolution
		SolutionGuid = {25ABBBB2-8A26-44BD-911A-66BA003E1F4D}
	EndGlobalSection
EndGlobal
